
Microsoft Visual Studio Solution File, Format Version 12.00
# Visual Studio 15
VisualStudioVersion = 15.0.26228.9
MinimumVisualStudioVersion = 10.0.40219.1
Project("{FAE04EC0-301F-11D3-BF4B-00C04F79EFBC}") = "EzyAdmin-Web", "FMSApp\EzyAdmin-Web.csproj", "{CAE9DA2C-EB01-4DCB-9DEE-D32CD71E927B}"
EndProject
Global
	GlobalSection(SolutionConfigurationPlatforms) = preSolution
		Debug|Any CPU = Debug|Any CPU
		Release|Any CPU = Release|Any CPU
	EndGlobalSection
	GlobalSection(ProjectConfigurationPlatforms) = postSolution
		{CAE9DA2C-EB01-4DCB-9DEE-D32CD71E927B}.Debug|Any CPU.ActiveCfg = Debug|Any CPU
		{CAE9DA2C-EB01-4DCB-9DEE-D32CD71E927B}.Debug|Any CPU.Build.0 = Debug|Any CPU
		{CAE9DA2C-EB01-4DCB-9DEE-D32CD71E927B}.Release|Any CPU.ActiveCfg = Release|Any CPU
		{CAE9DA2C-EB01-4DCB-9DEE-D32CD71E927B}.Release|Any CPU.Build.0 = Release|Any CPU
	EndGlobalSection
	GlobalSection(SolutionProperties) = preSolution
		HideSolutionNode = FALSE
	EndGlobalSection
	GlobalSection(ExtensibilityGlobals) = postSolution
		SolutionGuid = {0430104C-B6B1-440A-9062-5B4F1A36DACB}
	EndGlobalSection
EndGlobal
